Microsoft Visual Studio Solution File, Format Version 12.00
# Visual Studio Version 17
VisualStudioVersion = 17.5.2.0
MinimumVisualStudioVersion = 10.0.40219.1
Project("{FAE04EC0-301F-11D3-BF4B-00C04F79EFBC}") = "DZoneBackend", "DZoneBackend\DZoneBackend.csproj", "{EB100DA3-BE35-25BE-04B5-26A415226E3D}"
EndProject
Global
	GlobalSection(SolutionConfigurationPlatforms) = preSolution
		Debug|Any CPU = Debug|Any CPU
		Release|Any CPU = Release|Any CPU
	EndGlobalSection
	GlobalSection(ProjectConfigurationPlatforms) = postSolution
		{EB100DA3-BE35-25BE-04B5-26A415226E3D}.Debug|Any CPU.ActiveCfg = Debug|Any CPU
		{EB100DA3-BE35-25BE-04B5-26A415226E3D}.Debug|Any CPU.Build.0 = Debug|Any CPU
		{EB100DA3-BE35-25BE-04B5-26A415226E3D}.Release|Any CPU.ActiveCfg = Release|Any CPU
		{EB100DA3-BE35-25BE-04B5-26A415226E3D}.Release|Any CPU.Build.0 = Release|Any CPU
	EndGlobalSection
	GlobalSection(SolutionProperties) = preSolution
		HideSolutionNode = FALSE
	EndGlobalSection
	GlobalSection(ExtensibilityGlobals) = postSolution
		SolutionGuid = {D6F124AE-343D-4572-91D1-D2423C2F2409}
	EndGlobalSection
EndGlobal
